
Microsoft Visual Studio Solution File, Format Version 12.00
# Visual Studio Version 17
VisualStudioVersion = 17.3.32901.215
MinimumVisualStudioVersion = 10.0.40219.1
Project("{FAE04EC0-301F-11D3-BF4B-00C04F79EFBC}") = "DemoAPI", "DemoAPI\DemoAPI.csproj", "{97744B88-DEE7-4796-9FE4-FE37808DA9EC}"
EndProject
Project("{FAE04EC0-301F-11D3-BF4B-00C04F79EFBC}") = "DAL", "DAL\DAL.csproj", "{43EAC90B-1D4E-45D3-A565-2E514E73329D}"
EndProject
Project("{FAE04EC0-301F-11D3-BF4B-00C04F79EFBC}") = "BLL", "BLL\BLL.csproj", "{A6A7368C-08FF-40BC-A87D-27A90BA044A3}"
EndProject
Project("{00D1A9C2-B5F0-4AF3-8072-F6C62B433612}") = "MovieDB", "MovieDB\MovieDB.sqlproj", "{BE550B62-EB17-4659-BC43-1CCE6538F215}"
EndProject
Global
	GlobalSection(SolutionConfigurationPlatforms) = preSolution
		Debug|Any CPU = Debug|Any CPU
		Release|Any CPU = Release|Any CPU
	EndGlobalSection
	GlobalSection(ProjectConfigurationPlatforms) = postSolution
		{97744B88-DEE7-4796-9FE4-FE37808DA9EC}.Debug|Any CPU.ActiveCfg = Debug|Any CPU
		{97744B88-DEE7-4796-9FE4-FE37808DA9EC}.Debug|Any CPU.Build.0 = Debug|Any CPU
		{97744B88-DEE7-4796-9FE4-FE37808DA9EC}.Release|Any CPU.ActiveCfg = Release|Any CPU
		{97744B88-DEE7-4796-9FE4-FE37808DA9EC}.Release|Any CPU.Build.0 = Release|Any CPU
		{43EAC90B-1D4E-45D3-A565-2E514E73329D}.Debug|Any CPU.ActiveCfg = Debug|Any CPU
		{43EAC90B-1D4E-45D3-A565-2E514E73329D}.Debug|Any CPU.Build.0 = Debug|Any CPU
		{43EAC90B-1D4E-45D3-A565-2E514E73329D}.Release|Any CPU.ActiveCfg = Release|Any CPU
		{43EAC90B-1D4E-45D3-A565-2E514E73329D}.Release|Any CPU.Build.0 = Release|Any CPU
		{A6A7368C-08FF-40BC-A87D-27A90BA044A3}.Debug|Any CPU.ActiveCfg = Debug|Any CPU
		{A6A7368C-08FF-40BC-A87D-27A90BA044A3}.Debug|Any CPU.Build.0 = Debug|Any CPU
		{A6A7368C-08FF-40BC-A87D-27A90BA044A3}.Release|Any CPU.ActiveCfg = Release|Any CPU
		{A6A7368C-08FF-40BC-A87D-27A90BA044A3}.Release|Any CPU.Build.0 = Release|Any CPU
		{BE550B62-EB17-4659-BC43-1CCE6538F215}.Debug|Any CPU.ActiveCfg = Debug|Any CPU
		{BE550B62-EB17-4659-BC43-1CCE6538F215}.Debug|Any CPU.Build.0 = Debug|Any CPU
		{BE550B62-EB17-4659-BC43-1CCE6538F215}.Debug|Any CPU.Deploy.0 = Debug|Any CPU
		{BE550B62-EB17-4659-BC43-1CCE6538F215}.Release|Any CPU.ActiveCfg = Release|Any CPU
		{BE550B62-EB17-4659-BC43-1CCE6538F215}.Release|Any CPU.Build.0 = Release|Any CPU
		{BE550B62-EB17-4659-BC43-1CCE6538F215}.Release|Any CPU.Deploy.0 = Release|Any CPU
	EndGlobalSection
	GlobalSection(SolutionProperties) = preSolution
		HideSolutionNode = FALSE
	EndGlobalSection
	GlobalSection(ExtensibilityGlobals) = postSolution
		SolutionGuid = {41A7020D-9741-4C6D-A703-5710BDB88B34}
	EndGlobalSection
EndGlobal
